
Microsoft Visual Studio Solution File, Format Version 12.00
# Visual Studio Version 17
VisualStudioVersion = 17.14.36301.6 d17.14
MinimumVisualStudioVersion = 10.0.40219.1
Project("{FAE04EC0-301F-11D3-BF4B-00C04F79EFBC}") = "SimulacroOposiciones", "SimulacroOposiciones\SimulacroOposiciones.csproj", "{5B4E23E5-6894-4E2B-9247-090A786F901A}"
EndProject
Global
	GlobalSection(SolutionConfigurationPlatforms) = preSolution
		Debug|Any CPU = Debug|Any CPU
		Release|Any CPU = Release|Any CPU
	EndGlobalSection
	GlobalSection(ProjectConfigurationPlatforms) = postSolution
		{5B4E23E5-6894-4E2B-9247-090A786F901A}.Debug|Any CPU.ActiveCfg = Debug|Any CPU
		{5B4E23E5-6894-4E2B-9247-090A786F901A}.Debug|Any CPU.Build.0 = Debug|Any CPU
		{5B4E23E5-6894-4E2B-9247-090A786F901A}.Release|Any CPU.ActiveCfg = Release|Any CPU
		{5B4E23E5-6894-4E2B-9247-090A786F901A}.Release|Any CPU.Build.0 = Release|Any CPU
	EndGlobalSection
	GlobalSection(SolutionProperties) = preSolution
		HideSolutionNode = FALSE
	EndGlobalSection
	GlobalSection(ExtensibilityGlobals) = postSolution
		SolutionGuid = {943816C1-0489-477C-A97D-4E81CAC7CD9F}
	EndGlobalSection
EndGlobal
